// !$*UTF8*$!
{
	archiveVersion = 1;
	classes = {
	};
	objectVersion = 50;
	objects = {

/* Begin PBXBuildFile section */
		BFB84E582204C02B000BEB31 /* AppDelegate.swift in Sources */ = {isa = PBXBuildFile; fileRef = BFB84E572204C02B000BEB31 /* AppDelegate.swift */; };
		BFB84E5A2204C02B000BEB31 /* MainViewController.swift in Sources */ = {isa = PBXBuildFile; fileRef = BFB84E592204C02B000BEB31 /* MainViewController.swift */; };
		BFB84E5D2204C02B000BEB31 /* Main.storyboard in Resources */ = {isa = PBXBuildFile; fileRef = BFB84E5B2204C02B000BEB31 /* Main.storyboard */; };
		BFB84E5F2204C02D000BEB31 /* Assets.xcassets in Resources */ = {isa = PBXBuildFile; fileRef = BFB84E5E2204C02D000BEB31 /* Assets.xcassets */; };
		BFB84E622204C02D000BEB31 /* LaunchScreen.storyboard in Resources */ = {isa = PBXBuildFile; fileRef = BFB84E602204C02D000BEB31 /* LaunchScreen.storyboard */; };
		BFB84E6D2204C02D000BEB31 /* NewsTests.swift in Sources */ = {isa = PBXBuildFile; fileRef = BFB84E6C2204C02D000BEB31 /* NewsTests.swift */; };
		BFB84E782204C02D000BEB31 /* NewsUITests.swift in Sources */ = {isa = PBXBuildFile; fileRef = BFB84E772204C02D000BEB31 /* NewsUITests.swift */; };
		BFB84E862204F561000BEB31 /* FireMockExtension.swift in Sources */ = {isa = PBXBuildFile; fileRef = BFB84E852204F561000BEB31 /* FireMockExtension.swift */; };
		BFB84E8822057AD0000BEB31 /* Client.swift in Sources */ = {isa = PBXBuildFile; fileRef = BFB84E8722057AD0000BEB31 /* Client.swift */; };
		BFB84E8A22057D68000BEB31 /* RequestTests.swift in Sources */ = {isa = PBXBuildFile; fileRef = BFB84E8922057D68000BEB31 /* RequestTests.swift */; };
		BFB84E8D2205825E000BEB31 /* ServerManager.swift in Sources */ = {isa = PBXBuildFile; fileRef = BFB84E8C2205825E000BEB31 /* ServerManager.swift */; };
		BFB84E8F22058703000BEB31 /* Stubs.swift in Sources */ = {isa = PBXBuildFile; fileRef = BFB84E8E22058703000BEB31 /* Stubs.swift */; };
		BFB84E91220588CE000BEB31 /* businessNews.xml in Resources */ = {isa = PBXBuildFile; fileRef = BFB84E90220588CE000BEB31 /* businessNews.xml */; };
		BFB84E932205895D000BEB31 /* TestsAppDelegate.swift in Sources */ = {isa = PBXBuildFile; fileRef = BFB84E922205895D000BEB31 /* TestsAppDelegate.swift */; };
		BFB84E95220589A9000BEB31 /* main.swift in Sources */ = {isa = PBXBuildFile; fileRef = BFB84E94220589A9000BEB31 /* main.swift */; };
		BFB84E9822059A59000BEB31 /* RSS.swift in Sources */ = {isa = PBXBuildFile; fileRef = BFB84E9722059A59000BEB31 /* RSS.swift */; };
		BFB84E9A22059BF9000BEB31 /* Channel.swift in Sources */ = {isa = PBXBuildFile; fileRef = BFB84E9922059BF9000BEB31 /* Channel.swift */; };
		BFB84E9C22059C56000BEB31 /* Image.swift in Sources */ = {isa = PBXBuildFile; fileRef = BFB84E9B22059C56000BEB31 /* Image.swift */; };
		BFB84E9E22059CB2000BEB31 /* Item.swift in Sources */ = {isa = PBXBuildFile; fileRef = BFB84E9D22059CB2000BEB31 /* Item.swift */; };
		BFB84EA022059D8B000BEB31 /* Guid.swift in Sources */ = {isa = PBXBuildFile; fileRef = BFB84E9F22059D8B000BEB31 /* Guid.swift */; };
		BFB84EA22205B646000BEB31 /* entertainment.xml in Resources */ = {isa = PBXBuildFile; fileRef = BFB84EA12205B646000BEB31 /* entertainment.xml */; };
		BFB84EA42205BD78000BEB31 /* environment.xml in Resources */ = {isa = PBXBuildFile; fileRef = BFB84EA32205BD78000BEB31 /* environment.xml */; };
		BFB84EA72205BF1C000BEB31 /* DateLabel.swift in Sources */ = {isa = PBXBuildFile; fileRef = BFB84EA62205BF1C000BEB31 /* DateLabel.swift */; };
		BFB84EAA2205EC67000BEB31 /* FeedItemTableViewCell.swift in Sources */ = {isa = PBXBuildFile; fileRef = BFB84EA82205EC67000BEB31 /* FeedItemTableViewCell.swift */; };
		BFB84EAB2205EC67000BEB31 /* FeedItemTableViewCell.xib in Resources */ = {isa = PBXBuildFile; fileRef = BFB84EA92205EC67000BEB31 /* FeedItemTableViewCell.xib */; };
		BFB84EAE2205EF98000BEB31 /* DataSource.swift in Sources */ = {isa = PBXBuildFile; fileRef = BFB84EAD2205EF98000BEB31 /* DataSource.swift */; };
		BFB84EB22205F0A0000BEB31 /* ItemModel.swift in Sources */ = {isa = PBXBuildFile; fileRef = BFB84EB12205F0A0000BEB31 /* ItemModel.swift */; };
		BFB84EB42205F137000BEB31 /* ItemTableViewCell.swift in Sources */ = {isa = PBXBuildFile; fileRef = BFB84EB32205F137000BEB31 /* ItemTableViewCell.swift */; };
		BFB84EB72205FC1F000BEB31 /* FeedViewController.swift in Sources */ = {isa = PBXBuildFile; fileRef = BFB84EB62205FC1F000BEB31 /* FeedViewController.swift */; };
		BFB84EB92205FEB8000BEB31 /* FeedItemViewModel.swift in Sources */ = {isa = PBXBuildFile; fileRef = BFB84EB82205FEB8000BEB31 /* FeedItemViewModel.swift */; };
		BFB84EBB22062EDC000BEB31 /* DependencyManager.swift in Sources */ = {isa = PBXBuildFile; fileRef = BFB84EBA22062EDC000BEB31 /* DependencyManager.swift */; };
		BFB84EBD220636DE000BEB31 /* FeedResult.swift in Sources */ = {isa = PBXBuildFile; fileRef = BFB84EBC220636DE000BEB31 /* FeedResult.swift */; };
		BFB84EBF2206BED1000BEB31 /* EventBus.swift in Sources */ = {isa = PBXBuildFile; fileRef = BFB84EBE2206BED1000BEB31 /* EventBus.swift */; };
		BFB84EC12206C09D000BEB31 /* FeedEvents.swift in Sources */ = {isa = PBXBuildFile; fileRef = BFB84EC02206C09D000BEB31 /* FeedEvents.swift */; };
		BFB84EC62206C7CF000BEB31 /* DetailArticleViewController.swift in Sources */ = {isa = PBXBuildFile; fileRef = BFB84EC52206C7CF000BEB31 /* DetailArticleViewController.swift */; };
		BFB84EC82206E467000BEB31 /* FeedSegment.swift in Sources */ = {isa = PBXBuildFile; fileRef = BFB84EC72206E467000BEB31 /* FeedSegment.swift */; };
		BFB84ECF2206F3F5000BEB31 /* ServerManagerTests.swift in Sources */ = {isa = PBXBuildFile; fileRef = BFB84ECE2206F3F5000BEB31 /* ServerManagerTests.swift */; };
		C19730000B317095DCD8304C /* Pods_NewsUITests.framework in Frameworks */ = {isa = PBXBuildFile; fileRef = 2471F42E4FCDC8D066F8B1EA /* Pods_NewsUITests.framework */; };
		D76E1C8CFB89FE2B4EB3A6AC /* Pods_News.framework in Frameworks */ = {isa = PBXBuildFile; fileRef = 268CFC3FB992D1BFB4CD4BD8 /* Pods_News.framework */; };
		FBA11412B972B8855268DF1B /* Pods_NewsTests.framework in Frameworks */ = {isa = PBXBuildFile; fileRef = 94B5106A4274FCB346D9C8CC /* Pods_NewsTests.framework */; };
/* End PBXBuildFile section */

/* Begin PBXContainerItemProxy section */
		BFB84E692204C02D000BEB31 /* PBXContainerItemProxy */ = {
			isa = PBXContainerItemProxy;
			containerPortal = BFB84E4C2204C02A000BEB31 /* Project object */;
			proxyType = 1;
			remoteGlobalIDString = BFB84E532204C02A000BEB31;
			remoteInfo = News;
		};
		BFB84E742204C02D000BEB31 /* PBXContainerItemProxy */ = {
			isa = PBXContainerItemProxy;
			containerPortal = BFB84E4C2204C02A000BEB31 /* Project object */;
			proxyType = 1;
			remoteGlobalIDString = BFB84E532204C02A000BEB31;
			remoteInfo = News;
		};
/* End PBXContainerItemProxy section */

/* Begin PBXFileReference section */
		2471F42E4FCDC8D066F8B1EA /* Pods_NewsUITests.framework */ = {isa = PBXFileReference; explicitFileType = wrapper.framework; includeInIndex = 0; path = Pods_NewsUITests.framework; sourceTree = BUILT_PRODUCTS_DIR; };
		268CFC3FB992D1BFB4CD4BD8 /* Pods_News.framework */ = {isa = PBXFileReference; explicitFileType = wrapper.framework; includeInIndex = 0; path = Pods_News.framework; sourceTree = BUILT_PRODUCTS_DIR; };
		49125CA6F1BDE4C4CCD2D79E /* Pods-News.release.xcconfig */ = {isa = PBXFileReference; includeInIndex = 1; lastKnownFileType = text.xcconfig; name = "Pods-News.release.xcconfig"; path = "Target Support Files/Pods-News/Pods-News.release.xcconfig"; sourceTree = "<group>"; };
		94B5106A4274FCB346D9C8CC /* Pods_NewsTests.framework */ = {isa = PBXFileReference; explicitFileType = wrapper.framework; includeInIndex = 0; path = Pods_NewsTests.framework; sourceTree = BUILT_PRODUCTS_DIR; };
		A37DBC77732A2C1B25F7E010 /* Pods-NewsUITests.debug.xcconfig */ = {isa = PBXFileReference; includeInIndex = 1; lastKnownFileType = text.xcconfig; name = "Pods-NewsUITests.debug.xcconfig"; path = "Target Support Files/Pods-NewsUITests/Pods-NewsUITests.debug.xcconfig"; sourceTree = "<group>"; };
		B0DB97C31198895E3C92B5AC /* Pods-NewsUITests.release.xcconfig */ = {isa = PBXFileReference; includeInIndex = 1; lastKnownFileType = text.xcconfig; name = "Pods-NewsUITests.release.xcconfig"; path = "Target Support Files/Pods-NewsUITests/Pods-NewsUITests.release.xcconfig"; sourceTree = "<group>"; };
		B801401B3ABC04BB1C78F216 /* Pods-NewsTests.release.xcconfig */ = {isa = PBXFileReference; includeInIndex = 1; lastKnownFileType = text.xcconfig; name = "Pods-NewsTests.release.xcconfig"; path = "Target Support Files/Pods-NewsTests/Pods-NewsTests.release.xcconfig"; sourceTree = "<group>"; };
		BB2610695BF7AF17DB8A1B27 /* Pods-News.debug.xcconfig */ = {isa = PBXFileReference; includeInIndex = 1; lastKnownFileType = text.xcconfig; name = "Pods-News.debug.xcconfig"; path = "Target Support Files/Pods-News/Pods-News.debug.xcconfig"; sourceTree = "<group>"; };
		BFB84E542204C02B000BEB31 /* News.app */ = {isa = PBXFileReference; explicitFileType = wrapper.application; includeInIndex = 0; path = News.app; sourceTree = BUILT_PRODUCTS_DIR; };
		BFB84E572204C02B000BEB31 /* AppDelegate.swift */ = {isa = PBXFileReference; lastKnownFileType = sourcecode.swift; path = AppDelegate.swift; sourceTree = "<group>"; };
		BFB84E592204C02B000BEB31 /* MainViewController.swift */ = {isa = PBXFileReference; lastKnownFileType = sourcecode.swift; path = MainViewController.swift; sourceTree = "<group>"; };
		BFB84E5C2204C02B000BEB31 /* Base */ = {isa = PBXFileReference; lastKnownFileType = file.storyboard; name = Base; path = Base.lproj/Main.storyboard; sourceTree = "<group>"; };
		BFB84E5E2204C02D000BEB31 /* Assets.xcassets */ = {isa = PBXFileReference; lastKnownFileType = folder.assetcatalog; path = Assets.xcassets; sourceTree = "<group>"; };
		BFB84E612204C02D000BEB31 /* Base */ = {isa = PBXFileReference; lastKnownFileType = file.storyboard; name = Base; path = Base.lproj/LaunchScreen.storyboard; sourceTree = "<group>"; };
		BFB84E632204C02D000BEB31 /* Info.plist */ = {isa = PBXFileReference; lastKnownFileType = text.plist.xml; path = Info.plist; sourceTree = "<group>"; };
		BFB84E682204C02D000BEB31 /* NewsTests.xctest */ = {isa = PBXFileReference; explicitFileType = wrapper.cfbundle; includeInIndex = 0; path = NewsTests.xctest; sourceTree = BUILT_PRODUCTS_DIR; };
		BFB84E6C2204C02D000BEB31 /* NewsTests.swift */ = {isa = PBXFileReference; lastKnownFileType = sourcecode.swift; path = NewsTests.swift; sourceTree = "<group>"; };
		BFB84E6E2204C02D000BEB31 /* Info.plist */ = {isa = PBXFileReference; lastKnownFileType = text.plist.xml; path = Info.plist; sourceTree = "<group>"; };
		BFB84E732204C02D000BEB31 /* NewsUITests.xctest */ = {isa = PBXFileReference; explicitFileType = wrapper.cfbundle; includeInIndex = 0; path = NewsUITests.xctest; sourceTree = BUILT_PRODUCTS_DIR; };
		BFB84E772204C02D000BEB31 /* NewsUITests.swift */ = {isa = PBXFileReference; lastKnownFileType = sourcecode.swift; path = NewsUITests.swift; sourceTree = "<group>"; };
		BFB84E792204C02D000BEB31 /* Info.plist */ = {isa = PBXFileReference; lastKnownFileType = text.plist.xml; path = Info.plist; sourceTree = "<group>"; };
		BFB84E852204F561000BEB31 /* FireMockExtension.swift */ = {isa = PBXFileReference; lastKnownFileType = sourcecode.swift; path = FireMockExtension.swift; sourceTree = "<group>"; };
		BFB84E8722057AD0000BEB31 /* Client.swift */ = {isa = PBXFileReference; lastKnownFileType = sourcecode.swift; path = Client.swift; sourceTree = "<group>"; };
		BFB84E8922057D68000BEB31 /* RequestTests.swift */ = {isa = PBXFileReference; lastKnownFileType = sourcecode.swift; path = RequestTests.swift; sourceTree = "<group>"; };
		BFB84E8C2205825E000BEB31 /* ServerManager.swift */ = {isa = PBXFileReference; lastKnownFileType = sourcecode.swift; path = ServerManager.swift; sourceTree = "<group>"; };
		BFB84E8E22058703000BEB31 /* Stubs.swift */ = {isa = PBXFileReference; lastKnownFileType = sourcecode.swift; path = Stubs.swift; sourceTree = "<group>"; };
		BFB84E90220588CE000BEB31 /* businessNews.xml */ = {isa = PBXFileReference; lastKnownFileType = text.xml; path = businessNews.xml; sourceTree = "<group>"; };
		BFB84E922205895D000BEB31 /* TestsAppDelegate.swift */ = {isa = PBXFileReference; lastKnownFileType = sourcecode.swift; path = TestsAppDelegate.swift; sourceTree = "<group>"; };
		BFB84E94220589A9000BEB31 /* main.swift */ = {isa = PBXFileReference; lastKnownFileType = sourcecode.swift; path = main.swift; sourceTree = "<group>"; };
		BFB84E9722059A59000BEB31 /* RSS.swift */ = {isa = PBXFileReference; lastKnownFileType = sourcecode.swift; path = RSS.swift; sourceTree = "<group>"; };
		BFB84E9922059BF9000BEB31 /* Channel.swift */ = {isa = PBXFileReference; lastKnownFileType = sourcecode.swift; path = Channel.swift; sourceTree = "<group>"; };
		BFB84E9B22059C56000BEB31 /* Image.swift */ = {isa = PBXFileReference; lastKnownFileType = sourcecode.swift; path = Image.swift; sourceTree = "<group>"; };
		BFB84E9D22059CB2000BEB31 /* Item.swift */ = {isa = PBXFileReference; lastKnownFileType = sourcecode.swift; path = Item.swift; sourceTree = "<group>"; };
		BFB84E9F22059D8B000BEB31 /* Guid.swift */ = {isa = PBXFileReference; lastKnownFileType = sourcecode.swift; path = Guid.swift; sourceTree = "<group>"; };
		BFB84EA12205B646000BEB31 /* entertainment.xml */ = {isa = PBXFileReference; lastKnownFileType = text.xml; path = entertainment.xml; sourceTree = "<group>"; };
		BFB84EA32205BD78000BEB31 /* environment.xml */ = {isa = PBXFileReference; lastKnownFileType = text.xml; path = environment.xml; sourceTree = "<group>"; };
		BFB84EA62205BF1C000BEB31 /* DateLabel.swift */ = {isa = PBXFileReference; lastKnownFileType = sourcecode.swift; path = DateLabel.swift; sourceTree = "<group>"; };
		BFB84EA82205EC67000BEB31 /* FeedItemTableViewCell.swift */ = {isa = PBXFileReference; lastKnownFileType = sourcecode.swift; path = FeedItemTableViewCell.swift; sourceTree = "<group>"; };
		BFB84EA92205EC67000BEB31 /* FeedItemTableViewCell.xib */ = {isa = PBXFileReference; lastKnownFileType = file.xib; path = FeedItemTableViewCell.xib; sourceTree = "<group>"; };
		BFB84EAD2205EF98000BEB31 /* DataSource.swift */ = {isa = PBXFileReference; lastKnownFileType = sourcecode.swift; path = DataSource.swift; sourceTree = "<group>"; };
		BFB84EB12205F0A0000BEB31 /* ItemModel.swift */ = {isa = PBXFileReference; lastKnownFileType = sourcecode.swift; path = ItemModel.swift; sourceTree = "<group>"; };
		BFB84EB32205F137000BEB31 /* ItemTableViewCell.swift */ = {isa = PBXFileReference; lastKnownFileType = sourcecode.swift; path = ItemTableViewCell.swift; sourceTree = "<group>"; };
		BFB84EB62205FC1F000BEB31 /* FeedViewController.swift */ = {isa = PBXFileReference; lastKnownFileType = sourcecode.swift; path = FeedViewController.swift; sourceTree = "<group>"; };
		BFB84EB82205FEB8000BEB31 /* FeedItemViewModel.swift */ = {isa = PBXFileReference; lastKnownFileType = sourcecode.swift; path = FeedItemViewModel.swift; sourceTree = "<group>"; };
		BFB84EBA22062EDC000BEB31 /* DependencyManager.swift */ = {isa = PBXFileReference; lastKnownFileType = sourcecode.swift; path = DependencyManager.swift; sourceTree = "<group>"; };
		BFB84EBC220636DE000BEB31 /* FeedResult.swift */ = {isa = PBXFileReference; lastKnownFileType = sourcecode.swift; path = FeedResult.swift; sourceTree = "<group>"; };
		BFB84EBE2206BED1000BEB31 /* EventBus.swift */ = {isa = PBXFileReference; lastKnownFileType = sourcecode.swift; path = EventBus.swift; sourceTree = "<group>"; };
		BFB84EC02206C09D000BEB31 /* FeedEvents.swift */ = {isa = PBXFileReference; lastKnownFileType = sourcecode.swift; path = FeedEvents.swift; sourceTree = "<group>"; };
		BFB84EC52206C7CF000BEB31 /* DetailArticleViewController.swift */ = {isa = PBXFileReference; lastKnownFileType = sourcecode.swift; path = DetailArticleViewController.swift; sourceTree = "<group>"; };
		BFB84EC72206E467000BEB31 /* FeedSegment.swift */ = {isa = PBXFileReference; lastKnownFileType = sourcecode.swift; path = FeedSegment.swift; sourceTree = "<group>"; };
		BFB84ECE2206F3F5000BEB31 /* ServerManagerTests.swift */ = {isa = PBXFileReference; lastKnownFileType = sourcecode.swift; path = ServerManagerTests.swift; sourceTree = "<group>"; };
		DA6E86DD7D859ED97CB9529C /* Pods-NewsTests.debug.xcconfig */ = {isa = PBXFileReference; includeInIndex = 1; lastKnownFileType = text.xcconfig; name = "Pods-NewsTests.debug.xcconfig"; path = "Target Support Files/Pods-NewsTests/Pods-NewsTests.debug.xcconfig"; sourceTree = "<group>"; };
/* End PBXFileReference section */

/* Begin PBXFrameworksBuildPhase section */
		BFB84E512204C02A000BEB31 /* Frameworks */ = {
			isa = PBXFrameworksBuildPhase;
			buildActionMask = 2147483647;
			files = (
				D76E1C8CFB89FE2B4EB3A6AC /* Pods_News.framework in Frameworks */,
			);
			runOnlyForDeploymentPostprocessing = 0;
		};
		BFB84E652204C02D000BEB31 /* Frameworks */ = {
			isa = PBXFrameworksBuildPhase;
			buildActionMask = 2147483647;
			files = (
				FBA11412B972B8855268DF1B /* Pods_NewsTests.framework in Frameworks */,
			);
			runOnlyForDeploymentPostprocessing = 0;
		};
		BFB84E702204C02D000BEB31 /* Frameworks */ = {
			isa = PBXFrameworksBuildPhase;
			buildActionMask = 2147483647;
			files = (
				C19730000B317095DCD8304C /* Pods_NewsUITests.framework in Frameworks */,
			);
			runOnlyForDeploymentPostprocessing = 0;
		};
/* End PBXFrameworksBuildPhase section */

/* Begin PBXGroup section */
		BD8E5C912D169D81471B38CB /* Pods */ = {
			isa = PBXGroup;
			children = (
				BB2610695BF7AF17DB8A1B27 /* Pods-News.debug.xcconfig */,
				49125CA6F1BDE4C4CCD2D79E /* Pods-News.release.xcconfig */,
				DA6E86DD7D859ED97CB9529C /* Pods-NewsTests.debug.xcconfig */,
				B801401B3ABC04BB1C78F216 /* Pods-NewsTests.release.xcconfig */,
				A37DBC77732A2C1B25F7E010 /* Pods-NewsUITests.debug.xcconfig */,
				B0DB97C31198895E3C92B5AC /* Pods-NewsUITests.release.xcconfig */,
			);
			path = Pods;
			sourceTree = "<group>";
		};
		BFB84E4B2204C02A000BEB31 = {
			isa = PBXGroup;
			children = (
				BFB84E562204C02B000BEB31 /* News */,
				BFB84E6B2204C02D000BEB31 /* NewsTests */,
				BFB84E762204C02D000BEB31 /* NewsUITests */,
				BFB84E552204C02B000BEB31 /* Products */,
				BD8E5C912D169D81471B38CB /* Pods */,
				D592DB6F97477030E1D71415 /* Frameworks */,
			);
			sourceTree = "<group>";
		};
		BFB84E552204C02B000BEB31 /* Products */ = {
			isa = PBXGroup;
			children = (
				BFB84E542204C02B000BEB31 /* News.app */,
				BFB84E682204C02D000BEB31 /* NewsTests.xctest */,
				BFB84E732204C02D000BEB31 /* NewsUITests.xctest */,
			);
			name = Products;
			sourceTree = "<group>";
		};
		BFB84E562204C02B000BEB31 /* News */ = {
			isa = PBXGroup;
			children = (
				BFB84EC42206C7B7000BEB31 /* DetailArticle */,
				BFB84EC32206C155000BEB31 /* Main */,
				BFB84EC22206C13D000BEB31 /* Dependencies */,
				BFB84EB52205FB94000BEB31 /* Base */,
				BFB84EAC2205EF73000BEB31 /* Feed */,
				BFB84EA52205BF04000BEB31 /* CustomViews */,
				BFB84E8B22058227000BEB31 /* Server */,
				BFB84E572204C02B000BEB31 /* AppDelegate.swift */,
				BFB84E5B2204C02B000BEB31 /* Main.storyboard */,
				BFB84E5E2204C02D000BEB31 /* Assets.xcassets */,
				BFB84E602204C02D000BEB31 /* LaunchScreen.storyboard */,
				BFB84E632204C02D000BEB31 /* Info.plist */,
				BFB84E94220589A9000BEB31 /* main.swift */,
			);
			path = News;
			sourceTree = "<group>";
		};
		BFB84E6B2204C02D000BEB31 /* NewsTests */ = {
			isa = PBXGroup;
			children = (
				BFB84ECD2206F15C000BEB31 /* Stubs */,
				BFB84E9622058C4E000BEB31 /* Base */,
				BFB84E6C2204C02D000BEB31 /* NewsTests.swift */,
				BFB84E6E2204C02D000BEB31 /* Info.plist */,
				BFB84E8922057D68000BEB31 /* RequestTests.swift */,
				BFB84ECE2206F3F5000BEB31 /* ServerManagerTests.swift */,
			);
			path = NewsTests;
			sourceTree = "<group>";
		};
		BFB84E762204C02D000BEB31 /* NewsUITests */ = {
			isa = PBXGroup;
			children = (
				BFB84E772204C02D000BEB31 /* NewsUITests.swift */,
				BFB84E792204C02D000BEB31 /* Info.plist */,
			);
			path = NewsUITests;
			sourceTree = "<group>";
		};
		BFB84E8B22058227000BEB31 /* Server */ = {
			isa = PBXGroup;
			children = (
				BFB84E8722057AD0000BEB31 /* Client.swift */,
				BFB84E8C2205825E000BEB31 /* ServerManager.swift */,
				BFB84E9722059A59000BEB31 /* RSS.swift */,
				BFB84E9922059BF9000BEB31 /* Channel.swift */,
				BFB84E9B22059C56000BEB31 /* Image.swift */,
				BFB84E9D22059CB2000BEB31 /* Item.swift */,
				BFB84E9F22059D8B000BEB31 /* Guid.swift */,
			);
			path = Server;
			sourceTree = "<group>";
		};
		BFB84E9622058C4E000BEB31 /* Base */ = {
			isa = PBXGroup;
			children = (
				BFB84E922205895D000BEB31 /* TestsAppDelegate.swift */,
				BFB84E8E22058703000BEB31 /* Stubs.swift */,
				BFB84E852204F561000BEB31 /* FireMockExtension.swift */,
			);
			path = Base;
			sourceTree = "<group>";
		};
		BFB84EA52205BF04000BEB31 /* CustomViews */ = {
			isa = PBXGroup;
			children = (
				BFB84EA62205BF1C000BEB31 /* DateLabel.swift */,
			);
			path = CustomViews;
			sourceTree = "<group>";
		};
		BFB84EAC2205EF73000BEB31 /* Feed */ = {
			isa = PBXGroup;
			children = (
				BFB84EA82205EC67000BEB31 /* FeedItemTableViewCell.swift */,
				BFB84EA92205EC67000BEB31 /* FeedItemTableViewCell.xib */,
				BFB84EAD2205EF98000BEB31 /* DataSource.swift */,
				BFB84EB62205FC1F000BEB31 /* FeedViewController.swift */,
				BFB84EB82205FEB8000BEB31 /* FeedItemViewModel.swift */,
				BFB84EBC220636DE000BEB31 /* FeedResult.swift */,
				BFB84EC02206C09D000BEB31 /* FeedEvents.swift */,
				BFB84EC72206E467000BEB31 /* FeedSegment.swift */,
			);
			path = Feed;
			sourceTree = "<group>";
		};
		BFB84EB52205FB94000BEB31 /* Base */ = {
			isa = PBXGroup;
			children = (
				BFB84EB12205F0A0000BEB31 /* ItemModel.swift */,
				BFB84EB32205F137000BEB31 /* ItemTableViewCell.swift */,
			);
			path = Base;
			sourceTree = "<group>";
		};
		BFB84EC22206C13D000BEB31 /* Dependencies */ = {
			isa = PBXGroup;
			children = (
				BFB84EBA22062EDC000BEB31 /* DependencyManager.swift */,
				BFB84EBE2206BED1000BEB31 /* EventBus.swift */,
			);
			path = Dependencies;
			sourceTree = "<group>";
		};
		BFB84EC32206C155000BEB31 /* Main */ = {
			isa = PBXGroup;
			children = (
				BFB84E592204C02B000BEB31 /* MainViewController.swift */,
			);
			path = Main;
			sourceTree = "<group>";
		};
		BFB84EC42206C7B7000BEB31 /* DetailArticle */ = {
			isa = PBXGroup;
			children = (
				BFB84EC52206C7CF000BEB31 /* DetailArticleViewController.swift */,
			);
			path = DetailArticle;
			sourceTree = "<group>";
		};
		BFB84ECD2206F15C000BEB31 /* Stubs */ = {
			isa = PBXGroup;
			children = (
				BFB84E90220588CE000BEB31 /* businessNews.xml */,
				BFB84EA12205B646000BEB31 /* entertainment.xml */,
				BFB84EA32205BD78000BEB31 /* environment.xml */,
			);
			path = Stubs;
			sourceTree = "<group>";
		};
		D592DB6F97477030E1D71415 /* Frameworks */ = {
			isa = PBXGroup;
			children = (
				268CFC3FB992D1BFB4CD4BD8 /* Pods_News.framework */,
				94B5106A4274FCB346D9C8CC /* Pods_NewsTests.framework */,
				2471F42E4FCDC8D066F8B1EA /* Pods_NewsUITests.framework */,
			);
			name = Frameworks;
			sourceTree = "<group>";
		};
/* End PBXGroup section */

/* Begin PBXNativeTarget section */
		BFB84E532204C02A000BEB31 /* News */ = {
			isa = PBXNativeTarget;
			buildConfigurationList = BFB84E7C2204C02D000BEB31 /* Build configuration list for PBXNativeTarget "News" */;
			buildPhases = (
				8A4E62551E81955F88988F99 /* [CP] Check Pods Manifest.lock */,
				BFB84E502204C02A000BEB31 /* Sources */,
				BFB84E512204C02A000BEB31 /* Frameworks */,
				BFB84E522204C02A000BEB31 /* Resources */,
				EEB8A77D3279E9D796B9D17D /* [CP] Embed Pods Frameworks */,
			);
			buildRules = (
			);
			dependencies = (
			);
			name = News;
			productName = News;
			productReference = BFB84E542204C02B000BEB31 /* News.app */;
			productType = "com.apple.product-type.application";
		};
		BFB84E672204C02D000BEB31 /* NewsTests */ = {
			isa = PBXNativeTarget;
			buildConfigurationList = BFB84E7F2204C02D000BEB31 /* Build configuration list for PBXNativeTarget "NewsTests" */;
			buildPhases = (
				AE40C2873D910818202EDACE /* [CP] Check Pods Manifest.lock */,
				BFB84E642204C02D000BEB31 /* Sources */,
				BFB84E652204C02D000BEB31 /* Frameworks */,
				BFB84E662204C02D000BEB31 /* Resources */,
				694B85C6DFDE4653EEFC25C4 /* [CP] Embed Pods Frameworks */,
			);
			buildRules = (
			);
			dependencies = (
				BFB84E6A2204C02D000BEB31 /* PBXTargetDependency */,
			);
			name = NewsTests;
			productName = NewsTests;
			productReference = BFB84E682204C02D000BEB31 /* NewsTests.xctest */;
			productType = "com.apple.product-type.bundle.unit-test";
		};
		BFB84E722204C02D000BEB31 /* NewsUITests */ = {
			isa = PBXNativeTarget;
			buildConfigurationList = BFB84E822204C02D000BEB31 /* Build configuration list for PBXNativeTarget "NewsUITests" */;
			buildPhases = (
				66F2F5B7AC67D2804A15B2D6 /* [CP] Check Pods Manifest.lock */,
				BFB84E6F2204C02D000BEB31 /* Sources */,
				BFB84E702204C02D000BEB31 /* Frameworks */,
				BFB84E712204C02D000BEB31 /* Resources */,
			);
			buildRules = (
			);
			dependencies = (
				BFB84E752204C02D000BEB31 /* PBXTargetDependency */,
			);
			name = NewsUITests;
			productName = NewsUITests;
			productReference = BFB84E732204C02D000BEB31 /* NewsUITests.xctest */;
			productType = "com.apple.product-type.bundle.ui-testing";
		};
/* End PBXNativeTarget section */

/* Begin PBXProject section */
		BFB84E4C2204C02A000BEB31 /* Project object */ = {
			isa = PBXProject;
			attributes = {
				LastSwiftUpdateCheck = 1010;
				LastUpgradeCheck = 1010;
				ORGANIZATIONNAME = "Lena Brusilovski";
				TargetAttributes = {
					BFB84E532204C02A000BEB31 = {
						CreatedOnToolsVersion = 10.1;
					};
					BFB84E672204C02D000BEB31 = {
						CreatedOnToolsVersion = 10.1;
						TestTargetID = BFB84E532204C02A000BEB31;
					};
					BFB84E722204C02D000BEB31 = {
						CreatedOnToolsVersion = 10.1;
						TestTargetID = BFB84E532204C02A000BEB31;
					};
				};
			};
			buildConfigurationList = BFB84E4F2204C02A000BEB31 /* Build configuration list for PBXProject "News" */;
			compatibilityVersion = "Xcode 9.3";
			developmentRegion = en;
			hasScannedForEncodings = 0;
			knownRegions = (
				en,
				Base,
			);
			mainGroup = BFB84E4B2204C02A000BEB31;
			productRefGroup = BFB84E552204C02B000BEB31 /* Products */;
			projectDirPath = "";
			projectRoot = "";
			targets = (
				BFB84E532204C02A000BEB31 /* News */,
				BFB84E672204C02D000BEB31 /* NewsTests */,
				BFB84E722204C02D000BEB31 /* NewsUITests */,
			);
		};
/* End PBXProject section */

/* Begin PBXResourcesBuildPhase section */
		BFB84E522204C02A000BEB31 /* Resources */ = {
			isa = PBXResourcesBuildPhase;
			buildActionMask = 2147483647;
			files = (
				BFB84EAB2205EC67000BEB31 /* FeedItemTableViewCell.xib in Resources */,
				BFB84E622204C02D000BEB31 /* LaunchScreen.storyboard in Resources */,
				BFB84E5F2204C02D000BEB31 /* Assets.xcassets in Resources */,
				BFB84E5D2204C02B000BEB31 /* Main.storyboard in Resources */,
			);
			runOnlyForDeploymentPostprocessing = 0;
		};
		BFB84E662204C02D000BEB31 /* Resources */ = {
			isa = PBXResourcesBuildPhase;
			buildActionMask = 2147483647;
			files = (
				BFB84EA22205B646000BEB31 /* entertainment.xml in Resources */,
				BFB84EA42205BD78000BEB31 /* environment.xml in Resources */,
				BFB84E91220588CE000BEB31 /* businessNews.xml in Resources */,
			);
			runOnlyForDeploymentPostprocessing = 0;
		};
		BFB84E712204C02D000BEB31 /* Resources */ = {
			isa = PBXResourcesBuildPhase;
			buildActionMask = 2147483647;
			files = (
			);
			runOnlyForDeploymentPostprocessing = 0;
		};
/* End PBXResourcesBuildPhase section */

/* Begin PBXShellScriptBuildPhase section */
		66F2F5B7AC67D2804A15B2D6 /* [CP] Check Pods Manifest.lock */ = {
			isa = PBXShellScriptBuildPhase;
			buildActionMask = 2147483647;
			files = (
			);
			inputFileListPaths = (
			);
			inputPaths = (
				"${PODS_PODFILE_DIR_PATH}/Podfile.lock",
				"${PODS_ROOT}/Manifest.lock",
			);
			name = "[CP] Check Pods Manifest.lock";
			outputFileListPaths = (
			);
			outputPaths = (
				"$(DERIVED_FILE_DIR)/Pods-NewsUITests-checkManifestLockResult.txt",
			);
			runOnlyForDeploymentPostprocessing = 0;
			shellPath = /bin/sh;
			shellScript = "diff \"${PODS_PODFILE_DIR_PATH}/Podfile.lock\" \"${PODS_ROOT}/Manifest.lock\" > /dev/null\nif [ $? != 0 ] ; then\n    # print error to STDERR\n    echo \"error: The sandbox is not in sync with the Podfile.lock. Run 'pod install' or update your CocoaPods installation.\" >&2\n    exit 1\nfi\n# This output is used by Xcode 'outputs' to avoid re-running this script phase.\necho \"SUCCESS\" > \"${SCRIPT_OUTPUT_FILE_0}\"\n";
			showEnvVarsInLog = 0;
		};
		694B85C6DFDE4653EEFC25C4 /* [CP] Embed Pods Frameworks */ = {
			isa = PBXShellScriptBuildPhase;
			buildActionMask = 2147483647;
			files = (
			);
			inputFileListPaths = (
			);
			inputPaths = (
				"${PODS_ROOT}/Target Support Files/Pods-NewsTests/Pods-NewsTests-frameworks.sh",
				"${BUILT_PRODUCTS_DIR}/FireMock/FireMock.framework",
				"${BUILT_PRODUCTS_DIR}/SwiftHamcrest/Hamcrest.framework",
			);
			name = "[CP] Embed Pods Frameworks";
			outputFileListPaths = (
			);
			outputPaths = (
				"${TARGET_BUILD_DIR}/${FRAMEWORKS_FOLDER_PATH}/FireMock.framework",
				"${TARGET_BUILD_DIR}/${FRAMEWORKS_FOLDER_PATH}/Hamcrest.framework",
			);
			runOnlyForDeploymentPostprocessing = 0;
			shellPath = /bin/sh;
			shellScript = "\"${PODS_ROOT}/Target Support Files/Pods-NewsTests/Pods-NewsTests-frameworks.sh\"\n";
			showEnvVarsInLog = 0;
		};
		8A4E62551E81955F88988F99 /* [CP] Check Pods Manifest.lock */ = {
			isa = PBXShellScriptBuildPhase;
			buildActionMask = 2147483647;
			files = (
			);
			inputFileListPaths = (
			);
			inputPaths = (
				"${PODS_PODFILE_DIR_PATH}/Podfile.lock",
				"${PODS_ROOT}/Manifest.lock",
			);
			name = "[CP] Check Pods Manifest.lock";
			outputFileListPaths = (
			);
			outputPaths = (
				"$(DERIVED_FILE_DIR)/Pods-News-checkManifestLockResult.txt",
			);
			runOnlyForDeploymentPostprocessing = 0;
			shellPath = /bin/sh;
			shellScript = "diff \"${PODS_PODFILE_DIR_PATH}/Podfile.lock\" \"${PODS_ROOT}/Manifest.lock\" > /dev/null\nif [ $? != 0 ] ; then\n    # print error to STDERR\n    echo \"error: The sandbox is not in sync with the Podfile.lock. Run 'pod install' or update your CocoaPods installation.\" >&2\n    exit 1\nfi\n# This output is used by Xcode 'outputs' to avoid re-running this script phase.\necho \"SUCCESS\" > \"${SCRIPT_OUTPUT_FILE_0}\"\n";
			showEnvVarsInLog = 0;
		};
		AE40C2873D910818202EDACE /* [CP] Check Pods Manifest.lock */ = {
			isa = PBXShellScriptBuildPhase;
			buildActionMask = 2147483647;
			files = (
			);
			inputFileListPaths = (
			);
			inputPaths = (
				"${PODS_PODFILE_DIR_PATH}/Podfile.lock",
				"${PODS_ROOT}/Manifest.lock",
			);
			name = "[CP] Check Pods Manifest.lock";
			outputFileListPaths = (
			);
			outputPaths = (
				"$(DERIVED_FILE_DIR)/Pods-NewsTests-checkManifestLockResult.txt",
			);
			runOnlyForDeploymentPostprocessing = 0;
			shellPath = /bin/sh;
			shellScript = "diff \"${PODS_PODFILE_DIR_PATH}/Podfile.lock\" \"${PODS_ROOT}/Manifest.lock\" > /dev/null\nif [ $? != 0 ] ; then\n    # print error to STDERR\n    echo \"error: The sandbox is not in sync with the Podfile.lock. Run 'pod install' or update your CocoaPods installation.\" >&2\n    exit 1\nfi\n# This output is used by Xcode 'outputs' to avoid re-running this script phase.\necho \"SUCCESS\" > \"${SCRIPT_OUTPUT_FILE_0}\"\n";
			showEnvVarsInLog = 0;
		};
		EEB8A77D3279E9D796B9D17D /* [CP] Embed Pods Frameworks */ = {
			isa = PBXShellScriptBuildPhase;
			buildActionMask = 2147483647;
			files = (
			);
			inputFileListPaths = (
			);
			inputPaths = (
				"${PODS_ROOT}/Target Support Files/Pods-News/Pods-News-frameworks.sh",
				"${BUILT_PRODUCTS_DIR}/Alamofire/Alamofire.framework",
				"${BUILT_PRODUCTS_DIR}/AlamofireXmlToObjects/AlamofireXmlToObjects.framework",
				"${BUILT_PRODUCTS_DIR}/EVReflection/EVReflection.framework",
				"${BUILT_PRODUCTS_DIR}/SwiftEventBus/SwiftEventBus.framework",
				"${BUILT_PRODUCTS_DIR}/XMLDictionary/XMLDictionary.framework",
			);
			name = "[CP] Embed Pods Frameworks";
			outputFileListPaths = (
			);
			outputPaths = (
				"${TARGET_BUILD_DIR}/${FRAMEWORKS_FOLDER_PATH}/Alamofire.framework",
				"${TARGET_BUILD_DIR}/${FRAMEWORKS_FOLDER_PATH}/AlamofireXmlToObjects.framework",
				"${TARGET_BUILD_DIR}/${FRAMEWORKS_FOLDER_PATH}/EVReflection.framework",
				"${TARGET_BUILD_DIR}/${FRAMEWORKS_FOLDER_PATH}/SwiftEventBus.framework",
				"${TARGET_BUILD_DIR}/${FRAMEWORKS_FOLDER_PATH}/XMLDictionary.framework",
			);
			runOnlyForDeploymentPostprocessing = 0;
			shellPath = /bin/sh;
			shellScript = "\"${PODS_ROOT}/Target Support Files/Pods-News/Pods-News-frameworks.sh\"\n";
			showEnvVarsInLog = 0;
		};
/* End PBXShellScriptBuildPhase section */

/* Begin PBXSourcesBuildPhase section */
		BFB84E502204C02A000BEB31 /* Sources */ = {
			isa = PBXSourcesBuildPhase;
			buildActionMask = 2147483647;
			files = (
				BFB84E9A22059BF9000BEB31 /* Channel.swift in Sources */,
				BFB84EBF2206BED1000BEB31 /* EventBus.swift in Sources */,
				BFB84E9E22059CB2000BEB31 /* Item.swift in Sources */,
				BFB84EA72205BF1C000BEB31 /* DateLabel.swift in Sources */,
				BFB84EC82206E467000BEB31 /* FeedSegment.swift in Sources */,
				BFB84EC62206C7CF000BEB31 /* DetailArticleViewController.swift in Sources */,
				BFB84EB42205F137000BEB31 /* ItemTableViewCell.swift in Sources */,
				BFB84E9C22059C56000BEB31 /* Image.swift in Sources */,
				BFB84E8D2205825E000BEB31 /* ServerManager.swift in Sources */,
				BFB84EBD220636DE000BEB31 /* FeedResult.swift in Sources */,
				BFB84EC12206C09D000BEB31 /* FeedEvents.swift in Sources */,
				BFB84EA022059D8B000BEB31 /* Guid.swift in Sources */,
				BFB84EB92205FEB8000BEB31 /* FeedItemViewModel.swift in Sources */,
				BFB84E95220589A9000BEB31 /* main.swift in Sources */,
				BFB84EB72205FC1F000BEB31 /* FeedViewController.swift in Sources */,
				BFB84EB22205F0A0000BEB31 /* ItemModel.swift in Sources */,
				BFB84E9822059A59000BEB31 /* RSS.swift in Sources */,
				BFB84EAA2205EC67000BEB31 /* FeedItemTableViewCell.swift in Sources */,
				BFB84E5A2204C02B000BEB31 /* MainViewController.swift in Sources */,
				BFB84E582204C02B000BEB31 /* AppDelegate.swift in Sources */,
				BFB84EAE2205EF98000BEB31 /* DataSource.swift in Sources */,
				BFB84EBB22062EDC000BEB31 /* DependencyManager.swift in Sources */,
				BFB84E8822057AD0000BEB31 /* Client.swift in Sources */,
			);
			runOnlyForDeploymentPostprocessing = 0;
		};
		BFB84E642204C02D000BEB31 /* Sources */ = {
			isa = PBXSourcesBuildPhase;
			buildActionMask = 2147483647;
			files = (
				BFB84E8A22057D68000BEB31 /* RequestTests.swift in Sources */,
				BFB84E6D2204C02D000BEB31 /* NewsTests.swift in Sources */,
				BFB84E862204F561000BEB31 /* FireMockExtension.swift in Sources */,
				BFB84E8F22058703000BEB31 /* Stubs.swift in Sources */,
				BFB84ECF2206F3F5000BEB31 /* ServerManagerTests.swift in Sources */,
				BFB84E932205895D000BEB31 /* TestsAppDelegate.swift in Sources */,
			);
			runOnlyForDeploymentPostprocessing = 0;
		};
		BFB84E6F2204C02D000BEB31 /* Sources */ = {
			isa = PBXSourcesBuildPhase;
			buildActionMask = 2147483647;
			files = (
				BFB84E782204C02D000BEB31 /* NewsUITests.swift in Sources */,
			);
			runOnlyForDeploymentPostprocessing = 0;
		};
/* End PBXSourcesBuildPhase section */

/* Begin PBXTargetDependency section */
		BFB84E6A2204C02D000BEB31 /* PBXTargetDependency */ = {
			isa = PBXTargetDependency;
			target = BFB84E532204C02A000BEB31 /* News */;
			targetProxy = BFB84E692204C02D000BEB31 /* PBXContainerItemProxy */;
		};
		BFB84E752204C02D000BEB31 /* PBXTargetDependency */ = {
			isa = PBXTargetDependency;
			target = BFB84E532204C02A000BEB31 /* News */;
			targetProxy = BFB84E742204C02D000BEB31 /* PBXContainerItemProxy */;
		};
/* End PBXTargetDependency section */

/* Begin PBXVariantGroup section */
		BFB84E5B2204C02B000BEB31 /* Main.storyboard */ = {
			isa = PBXVariantGroup;
			children = (
				BFB84E5C2204C02B000BEB31 /* Base */,
			);
			name = Main.storyboard;
			sourceTree = "<group>";
		};
		BFB84E602204C02D000BEB31 /* LaunchScreen.storyboard */ = {
			isa = PBXVariantGroup;
			children = (
				BFB84E612204C02D000BEB31 /* Base */,
			);
			name = LaunchScreen.storyboard;
			sourceTree = "<group>";
		};
/* End PBXVariantGroup section */

/* Begin XCBuildConfiguration section */
		BFB84E7A2204C02D000BEB31 /* Debug */ = {
			isa = XCBuildConfiguration;
			buildSettings = {
				ALWAYS_SEARCH_USER_PATHS = NO;
				CLANG_ANALYZER_NONNULL = YES;
				CLANG_ANALYZER_NUMBER_OBJECT_CONVERSION = YES_AGGRESSIVE;
				CLANG_CXX_LANGUAGE_STANDARD = "gnu++14";
				CLANG_CXX_LIBRARY = "libc++";
				CLANG_ENABLE_MODULES = YES;
				CLANG_ENABLE_OBJC_ARC = YES;
				CLANG_ENABLE_OBJC_WEAK = YES;
				CLANG_WARN_BLOCK_CAPTURE_AUTORELEASING = YES;
				CLANG_WARN_BOOL_CONVERSION = YES;
				CLANG_WARN_COMMA = YES;
				CLANG_WARN_CONSTANT_CONVERSION = YES;
				CLANG_WARN_DEPRECATED_OBJC_IMPLEMENTATIONS = YES;
				CLANG_WARN_DIRECT_OBJC_ISA_USAGE = YES_ERROR;
				CLANG_WARN_DOCUMENTATION_COMMENTS = YES;
				CLANG_WARN_EMPTY_BODY = YES;
				CLANG_WARN_ENUM_CONVERSION = YES;
				CLANG_WARN_INFINITE_RECURSION = YES;
				CLANG_WARN_INT_CONVERSION = YES;
				CLANG_WARN_NON_LITERAL_NULL_CONVERSION = YES;
				CLANG_WARN_OBJC_IMPLICIT_RETAIN_SELF = YES;
				CLANG_WARN_OBJC_LITERAL_CONVERSION = YES;
				CLANG_WARN_OBJC_ROOT_CLASS = YES_ERROR;
				CLANG_WARN_RANGE_LOOP_ANALYSIS = YES;
				CLANG_WARN_STRICT_PROTOTYPES = YES;
				CLANG_WARN_SUSPICIOUS_MOVE = YES;
				CLANG_WARN_UNGUARDED_AVAILABILITY = YES_AGGRESSIVE;
				CLANG_WARN_UNREACHABLE_CODE = YES;
				CLANG_WARN__DUPLICATE_METHOD_MATCH = YES;
				CODE_SIGN_IDENTITY = "iPhone Developer";
				COPY_PHASE_STRIP = NO;
				DEBUG_INFORMATION_FORMAT = dwarf;
				ENABLE_STRICT_OBJC_MSGSEND = YES;
				ENABLE_TESTABILITY = YES;
				GCC_C_LANGUAGE_STANDARD = gnu11;
				GCC_DYNAMIC_NO_PIC = NO;
				GCC_NO_COMMON_BLOCKS = YES;
				GCC_OPTIMIZATION_LEVEL = 0;
				GCC_PREPROCESSOR_DEFINITIONS = (
					"DEBUG=1",
					"$(inherited)",
				);
				GCC_WARN_64_TO_32_BIT_CONVERSION = YES;
				GCC_WARN_ABOUT_RETURN_TYPE = YES_ERROR;
				GCC_WARN_UNDECLARED_SELECTOR = YES;
				GCC_WARN_UNINITIALIZED_AUTOS = YES_AGGRESSIVE;
				GCC_WARN_UNUSED_FUNCTION = YES;
				GCC_WARN_UNUSED_VARIABLE = YES;
				IPHONEOS_DEPLOYMENT_TARGET = 12.1;
				MTL_ENABLE_DEBUG_INFO = INCLUDE_SOURCE;
				MTL_FAST_MATH = YES;
				ONLY_ACTIVE_ARCH = YES;
				SDKROOT = iphoneos;
				SWIFT_ACTIVE_COMPILATION_CONDITIONS = DEBUG;
				SWIFT_OPTIMIZATION_LEVEL = "-Onone";
			};
			name = Debug;
		};
		BFB84E7B2204C02D000BEB31 /* Release */ = {
			isa = XCBuildConfiguration;
			buildSettings = {
				ALWAYS_SEARCH_USER_PATHS = NO;
				CLANG_ANALYZER_NONNULL = YES;
				CLANG_ANALYZER_NUMBER_OBJECT_CONVERSION = YES_AGGRESSIVE;
				CLANG_CXX_LANGUAGE_STANDARD = "gnu++14";
				CLANG_CXX_LIBRARY = "libc++";
				CLANG_ENABLE_MODULES = YES;
				CLANG_ENABLE_OBJC_ARC = YES;
				CLANG_ENABLE_OBJC_WEAK = YES;
				CLANG_WARN_BLOCK_CAPTURE_AUTORELEASING = YES;
				CLANG_WARN_BOOL_CONVERSION = YES;
				CLANG_WARN_COMMA = YES;
				CLANG_WARN_CONSTANT_CONVERSION = YES;
				CLANG_WARN_DEPRECATED_OBJC_IMPLEMENTATIONS = YES;
				CLANG_WARN_DIRECT_OBJC_ISA_USAGE = YES_ERROR;
				CLANG_WARN_DOCUMENTATION_COMMENTS = YES;
				CLANG_WARN_EMPTY_BODY = YES;
				CLANG_WARN_ENUM_CONVERSION = YES;
				CLANG_WARN_INFINITE_RECURSION = YES;
				CLANG_WARN_INT_CONVERSION = YES;
				CLANG_WARN_NON_LITERAL_NULL_CONVERSION = YES;
				CLANG_WARN_OBJC_IMPLICIT_RETAIN_SELF = YES;
				CLANG_WARN_OBJC_LITERAL_CONVERSION = YES;
				CLANG_WARN_OBJC_ROOT_CLASS = YES_ERROR;
				CLANG_WARN_RANGE_LOOP_ANALYSIS = YES;
				CLANG_WARN_STRICT_PROTOTYPES = YES;
				CLANG_WARN_SUSPICIOUS_MOVE = YES;
				CLANG_WARN_UNGUARDED_AVAILABILITY = YES_AGGRESSIVE;
				CLANG_WARN_UNREACHABLE_CODE = YES;
				CLANG_WARN__DUPLICATE_METHOD_MATCH = YES;
				CODE_SIGN_IDENTITY = "iPhone Developer";
				COPY_PHASE_STRIP = NO;
				DEBUG_INFORMATION_FORMAT = "dwarf-with-dsym";
				ENABLE_NS_ASSERTIONS = NO;
				ENABLE_STRICT_OBJC_MSGSEND = YES;
				GCC_C_LANGUAGE_STANDARD = gnu11;
				GCC_NO_COMMON_BLOCKS = YES;
				GCC_WARN_64_TO_32_BIT_CONVERSION = YES;
				GCC_WARN_ABOUT_RETURN_TYPE = YES_ERROR;
				GCC_WARN_UNDECLARED_SELECTOR = YES;
				GCC_WARN_UNINITIALIZED_AUTOS = YES_AGGRESSIVE;
				GCC_WARN_UNUSED_FUNCTION = YES;
				GCC_WARN_UNUSED_VARIABLE = YES;
				IPHONEOS_DEPLOYMENT_TARGET = 12.1;
				MTL_ENABLE_DEBUG_INFO = NO;
				MTL_FAST_MATH = YES;
				SDKROOT = iphoneos;
				SWIFT_COMPILATION_MODE = wholemodule;
				SWIFT_OPTIMIZATION_LEVEL = "-O";
				VALIDATE_PRODUCT = YES;
			};
			name = Release;
		};
		BFB84E7D2204C02D000BEB31 /* Debug */ = {
			isa = XCBuildConfiguration;
			baseConfigurationReference = BB2610695BF7AF17DB8A1B27 /* Pods-News.debug.xcconfig */;
			buildSettings = {
				ASSETCATALOG_COMPILER_APPICON_NAME = AppIcon;
				CODE_SIGN_STYLE = Automatic;
				DEFINES_MODULE = YES;
				DEVELOPMENT_TEAM = W3F5TKW2X2;
				INFOPLIST_FILE = News/Info.plist;
				LD_RUNPATH_SEARCH_PATHS = (
					"$(inherited)",
					"@executable_path/Frameworks",
				);
				MODULE_NAME = News;
				PRODUCT_BUNDLE_IDENTIFIER = com.lenabru.news.News;
				PRODUCT_NAME = "$(TARGET_NAME)";
				SWIFT_VERSION = 4.2;
				TARGETED_DEVICE_FAMILY = "1,2";
			};
			name = Debug;
		};
		BFB84E7E2204C02D000BEB31 /* Release */ = {
			isa = XCBuildConfiguration;
			baseConfigurationReference = 49125CA6F1BDE4C4CCD2D79E /* Pods-News.release.xcconfig */;
			buildSettings = {
				ASSETCATALOG_COMPILER_APPICON_NAME = AppIcon;
				CODE_SIGN_STYLE = Automatic;
				DEFINES_MODULE = YES;
				DEVELOPMENT_TEAM = W3F5TKW2X2;
				INFOPLIST_FILE = News/Info.plist;
				LD_RUNPATH_SEARCH_PATHS = (
					"$(inherited)",
					"@executable_path/Frameworks",
				);
				MODULE_NAME = News;
				PRODUCT_BUNDLE_IDENTIFIER = com.lenabru.news.News;
				PRODUCT_NAME = "$(TARGET_NAME)";
				SWIFT_VERSION = 4.2;
				TARGETED_DEVICE_FAMILY = "1,2";
			};
			name = Release;
		};
		BFB84E802204C02D000BEB31 /* Debug */ = {
			isa = XCBuildConfiguration;
			baseConfigurationReference = DA6E86DD7D859ED97CB9529C /* Pods-NewsTests.debug.xcconfig */;
			buildSettings = {
				ALWAYS_EMBED_SWIFT_STANDARD_LIBRARIES = YES;
				BUNDLE_LOADER = "$(TEST_HOST)";
				CODE_SIGN_STYLE = Automatic;
				DEVELOPMENT_TEAM = W3F5TKW2X2;
				INFOPLIST_FILE = NewsTests/Info.plist;
				LD_RUNPATH_SEARCH_PATHS = (
					"$(inherited)",
					"@executable_path/Frameworks",
					"@loader_path/Frameworks",
				);
				PRODUCT_BUNDLE_IDENTIFIER = com.lenabru.news.NewsTests;
				PRODUCT_NAME = "$(TARGET_NAME)";
				SWIFT_VERSION = 4.2;
				TARGETED_DEVICE_FAMILY = "1,2";
				TEST_HOST = "$(BUILT_PRODUCTS_DIR)/News.app/News";
			};
			name = Debug;
		};
		BFB84E812204C02D000BEB31 /* Release */ = {
			isa = XCBuildConfiguration;
			baseConfigurationReference = B801401B3ABC04BB1C78F216 /* Pods-NewsTests.release.xcconfig */;
			buildSettings = {
				ALWAYS_EMBED_SWIFT_STANDARD_LIBRARIES = YES;
				BUNDLE_LOADER = "$(TEST_HOST)";
				CODE_SIGN_STYLE = Automatic;
				DEVELOPMENT_TEAM = W3F5TKW2X2;
				INFOPLIST_FILE = NewsTests/Info.plist;
				LD_RUNPATH_SEARCH_PATHS = (
					"$(inherited)",
					"@executable_path/Frameworks",
					"@loader_path/Frameworks",
				);
				PRODUCT_BUNDLE_IDENTIFIER = com.lenabru.news.NewsTests;
				PRODUCT_NAME = "$(TARGET_NAME)";
				SWIFT_VERSION = 4.2;
				TARGETED_DEVICE_FAMILY = "1,2";
				TEST_HOST = "$(BUILT_PRODUCTS_DIR)/News.app/News";
			};
			name = Release;
		};
		BFB84E832204C02D000BEB31 /* Debug */ = {
			isa = XCBuildConfiguration;
			baseConfigurationReference = A37DBC77732A2C1B25F7E010 /* Pods-NewsUITests.debug.xcconfig */;
			buildSettings = {
				ALWAYS_EMBED_SWIFT_STANDARD_LIBRARIES = YES;
				CODE_SIGN_STYLE = Automatic;
				DEVELOPMENT_TEAM = W3F5TKW2X2;
				INFOPLIST_FILE = NewsUITests/Info.plist;
				LD_RUNPATH_SEARCH_PATHS = (
					"$(inherited)",
					"@executable_path/Frameworks",
					"@loader_path/Frameworks",
				);
				PRODUCT_BUNDLE_IDENTIFIER = com.lenabru.news.NewsUITests;
				PRODUCT_NAME = "$(TARGET_NAME)";
				SWIFT_VERSION = 4.2;
				TARGETED_DEVICE_FAMILY = "1,2";
				TEST_TARGET_NAME = News;
			};
			name = Debug;
		};
		BFB84E842204C02D000BEB31 /* Release */ = {
			isa = XCBuildConfiguration;
			baseConfigurationReference = B0DB97C31198895E3C92B5AC /* Pods-NewsUITests.release.xcconfig */;
			buildSettings = {
				ALWAYS_EMBED_SWIFT_STANDARD_LIBRARIES = YES;
				CODE_SIGN_STYLE = Automatic;
				DEVELOPMENT_TEAM = W3F5TKW2X2;
				INFOPLIST_FILE = NewsUITests/Info.plist;
				LD_RUNPATH_SEARCH_PATHS = (
					"$(inherited)",
					"@executable_path/Frameworks",
					"@loader_path/Frameworks",
				);
				PRODUCT_BUNDLE_IDENTIFIER = com.lenabru.news.NewsUITests;
				PRODUCT_NAME = "$(TARGET_NAME)";
				SWIFT_VERSION = 4.2;
				TARGETED_DEVICE_FAMILY = "1,2";
				TEST_TARGET_NAME = News;
			};
			name = Release;
		};
/* End XCBuildConfiguration section */

/* Begin XCConfigurationList section */
		BFB84E4F2204C02A000BEB31 /* Build configuration list for PBXProject "News" */ = {
			isa = XCConfigurationList;
			buildConfigurations = (
				BFB84E7A2204C02D000BEB31 /* Debug */,
				BFB84E7B2204C02D000BEB31 /* Release */,
			);
			defaultConfigurationIsVisible = 0;
			defaultConfigurationName = Release;
		};
		BFB84E7C2204C02D000BEB31 /* Build configuration list for PBXNativeTarget "News" */ = {
			isa = XCConfigurationList;
			buildConfigurations = (
				BFB84E7D2204C02D000BEB31 /* Debug */,
				BFB84E7E2204C02D000BEB31 /* Release */,
			);
			defaultConfigurationIsVisible = 0;
			defaultConfigurationName = Release;
		};
		BFB84E7F2204C02D000BEB31 /* Build configuration list for PBXNativeTarget "NewsTests" */ = {
			isa = XCConfigurationList;
			buildConfigurations = (
				BFB84E802204C02D000BEB31 /* Debug */,
				BFB84E812204C02D000BEB31 /* Release */,
			);
			defaultConfigurationIsVisible = 0;
			defaultConfigurationName = Release;
		};
		BFB84E822204C02D000BEB31 /* Build configuration list for PBXNativeTarget "NewsUITests" */ = {
			isa = XCConfigurationList;
			buildConfigurations = (
				BFB84E832204C02D000BEB31 /* Debug */,
				BFB84E842204C02D000BEB31 /* Release */,
			);
			defaultConfigurationIsVisible = 0;
			defaultConfigurationName = Release;
		};
/* End XCConfigurationList section */
	};
	rootObject = BFB84E4C2204C02A000BEB31 /* Project object */;
}
